<?xml version="1.0" encoding="utf-8"?>
<Project ToolsVersion="4.0" xmlns="http://schemas.microsoft.com/developer/msbuild/2003">
  <ItemGroup>
    <Filter Include="Source Files">
      <UniqueIdentifier>{4FC737F1-C7A5-4376-A066-2A32D752A2FF}</UniqueIdentifier>
      <Extensions>cpp;c;cc;cxx;def;odl;idl;hpj;bat;asm;asmx</Extensions>
    </Filter>
    <Filter Include="Header Files">
      <UniqueIdentifier>{93995380-89BD-4b04-88EB-625FBE52EBFB}</UniqueIdentifier>
      <Extensions>h;hh;hpp;hxx;hm;inl;inc;ipp;xsd</Extensions>
    </Filter>
    <Filter Include="Resource Files">
      <UniqueIdentifier>{67DA6AB6-F800-4c08-8B7A-83BB121AAD01}</UniqueIdentifier>
      <Extensions>rc;ico;cur;bmp;dlg;rc2;rct;bin;rgs;gif;jpg;jpeg;jpe;resx;tiff;tif;png;wav;mfcribbon-ms</Extensions>
    </Filter>
    <Filter Include="Source Files\Utils">
      <UniqueIdentifier>{9bac7ba0-d757-42d1-8247-b37f82b69626}</UniqueIdentifier>
    </Filter>
    <Filter Include="Header Files\Utils">
      <UniqueIdentifier>{afe610ef-1e80-4c9a-ab08-0d5493903d19}</UniqueIdentifier>
    </Filter>
    <Filter Include="Header Files\Network">
      <UniqueIdentifier>{ccd6cea8-4247-4193-b26c-a99a4d9f451d}</UniqueIdentifier>
    </Filter>
    <Filter Include="Source Files\SQL">
      <UniqueIdentifier>{5f445f04-df6a-4aff-b21b-f427b3104535}</UniqueIdentifier>
    </Filter>
    <Filter Include="Source Files\Network">
      <UniqueIdentifier>{ed3ad38a-3729-4621-805d-66499dd21a52}</UniqueIdentifier>
    </Filter>
    <Filter Include="Header Files\SQL">
      <UniqueIdentifier>{ca8c1198-3172-41a1-adac-bbd1ef893d5a}</UniqueIdentifier>
    </Filter>
  </ItemGroup>
  <ItemGroup>
    <ClCompile Include="main.cpp">
      <Filter>Source Files</Filter>
    </ClCompile>
    <ClCompile Include="UserInfo.cpp">
      <Filter>Source Files</Filter>
    </ClCompile>
    <ClCompile Include="ContentValues.cpp">
      <Filter>Source Files\Utils</Filter>
    </ClCompile>
    <ClCompile Include="Accounts.cpp">
      <Filter>Source Files\SQL</Filter>
    </ClCompile>
    <ClCompile Include="CppSQLite3.cpp">
      <Filter>Source Files\SQL</Filter>
    </ClCompile>
    <ClCompile Include="DataAccessFactory.cpp">
      <Filter>Source Files\SQL</Filter>
    </ClCompile>
    <ClCompile Include="Friends.cpp">
      <Filter>Source Files\SQL</Filter>
    </ClCompile>
    <ClCompile Include="MariaDBAccounts.cpp">
      <Filter>Source Files\SQL</Filter>
    </ClCompile>
    <ClCompile Include="MariaDBFriends.cpp">
      <Filter>Source Files\SQL</Filter>
    </ClCompile>
    <ClCompile Include="RadishChatDatabaseBase.cpp">
      <Filter>Source Files\SQL</Filter>
    </ClCompile>
    <ClCompile Include="SQLiteAccounts.cpp">
      <Filter>Source Files\SQL</Filter>
    </ClCompile>
    <ClCompile Include="SQLiteFriends.cpp">
      <Filter>Source Files\SQL</Filter>
    </ClCompile>
    <ClCompile Include="EncryptUtils.cpp">
      <Filter>Source Files\Utils</Filter>
    </ClCompile>
    <ClCompile Include="RadishServer.cpp">
      <Filter>Source Files\Network</Filter>
    </ClCompile>
    <ClCompile Include="ChatMessage.cpp">
      <Filter>Source Files</Filter>
    </ClCompile>
    <ClCompile Include="MessageHandler.cpp">
      <Filter>Source Files</Filter>
    </ClCompile>
  </ItemGroup>
  <ItemGroup>
    <ClInclude Include="UserInfo.h">
      <Filter>Header Files</Filter>
    </ClInclude>
    <ClInclude Include="Accounts.h">
      <Filter>Header Files\SQL</Filter>
    </ClInclude>
    <ClInclude Include="Friends.h">
      <Filter>Header Files\SQL</Filter>
    </ClInclude>
    <ClInclude Include="MariaDBAccounts.h">
      <Filter>Header Files\SQL</Filter>
    </ClInclude>
    <ClInclude Include="MariaDBFriends.h">
      <Filter>Header Files\SQL</Filter>
    </ClInclude>
    <ClInclude Include="RadishChatDatabaseBase.h">
      <Filter>Header Files\SQL</Filter>
    </ClInclude>
    <ClInclude Include="SQLiteAccounts.h">
      <Filter>Header Files\SQL</Filter>
    </ClInclude>
    <ClInclude Include="SQLiteFriends.h">
      <Filter>Header Files\SQL</Filter>
    </ClInclude>
    <ClInclude Include="CppSQLite3.h">
      <Filter>Header Files\SQL</Filter>
    </ClInclude>
    <ClInclude Include="DataAccessFactory.h">
      <Filter>Header Files\SQL</Filter>
    </ClInclude>
    <ClInclude Include="EncryptUtils.h">
      <Filter>Header Files\Utils</Filter>
    </ClInclude>
    <ClInclude Include="RadishServer.h">
      <Filter>Header Files\Network</Filter>
    </ClInclude>
    <ClInclude Include="ContentValues.h">
      <Filter>Header Files\SQL</Filter>
    </ClInclude>
    <ClInclude Include="ChatMessage.h">
      <Filter>Header Files</Filter>
    </ClInclude>
    <ClInclude Include="MessageHandler.h">
      <Filter>Header Files</Filter>
    </ClInclude>
  </ItemGroup>
</Project>